{
  "version": 4,
  "terraform_version": "1.0.6",
  "serial": 10,
  "lineage": "a006528c-0c0b-e2c6-1a0b-027382ef79a2",
  "outputs": {},
  "resources": [
    {
      "mode": "managed",
      "type": "aws_cognito_user_pool",
      "name": "pool",
      "provider": "provider[\"registry.terraform.io/hashicorp/aws\"]",
      "instances": [
        {
          "schema_version": 0,
          "attributes": {
            "account_recovery_setting": [],
            "admin_create_user_config": [
              {
                "allow_admin_create_user_only": false,
                "invite_message_template": []
              }
            ],
            "alias_attributes": [
              "email",
              "preferred_username"
            ],
            "arn": "arn:aws:cognito-idp:us-east-2:696401733615:userpool/us-east-2_k4cwVa6Pw",
            "auto_verified_attributes": [
              "email"
            ],
            "creation_date": "2021-09-16T14:29:27Z",
            "custom_domain": "",
            "device_configuration": [],
            "domain": "",
            "email_configuration": [
              {
                "configuration_set": "",
                "email_sending_account": "COGNITO_DEFAULT",
                "from_email_address": "",
                "reply_to_email_address": "",
                "source_arn": ""
              }
            ],
            "email_verification_message": "Please use the following code {####}",
            "email_verification_subject": "Device Verification Code",
            "endpoint": "cognito-idp.us-east-2.amazonaws.com/us-east-2_k4cwVa6Pw",
            "estimated_number_of_users": 0,
            "id": "us-east-2_k4cwVa6Pw",
            "lambda_config": [
              {
                "create_auth_challenge": "arn:aws:lambda:us-east-2:696401733615:function:terraform-example",
                "custom_email_sender": [],
                "custom_message": "arn:aws:lambda:us-east-2:696401733615:function:terraform-example",
                "custom_sms_sender": [],
                "define_auth_challenge": "arn:aws:lambda:us-east-2:696401733615:function:terraform-example",
                "kms_key_id": "",
                "post_authentication": "arn:aws:lambda:us-east-2:696401733615:function:terraform-example",
                "post_confirmation": "arn:aws:lambda:us-east-2:696401733615:function:terraform-example",
                "pre_authentication": "arn:aws:lambda:us-east-2:696401733615:function:terraform-example",
                "pre_sign_up": "arn:aws:lambda:us-east-2:696401733615:function:terraform-example",
                "pre_token_generation": "arn:aws:lambda:us-east-2:696401733615:function:terraform-example",
                "user_migration": "arn:aws:lambda:us-east-2:696401733615:function:terraform-example",
                "verify_auth_challenge_response": "arn:aws:lambda:us-east-2:696401733615:function:terraform-example"
              }
            ],
            "last_modified_date": "2021-09-16T14:29:27Z",
            "mfa_configuration": "OFF",
            "name": "terraform-example",
            "password_policy": [
              {
                "minimum_length": 10,
                "require_lowercase": false,
                "require_numbers": true,
                "require_symbols": false,
                "require_uppercase": true,
                "temporary_password_validity_days": 7
              }
            ],
            "schema": [
              {
                "attribute_data_type": "Number",
                "developer_only_attribute": true,
                "mutable": true,
                "name": "mynumber",
                "number_attribute_constraints": [
                  {
                    "max_value": "6",
                    "min_value": "2"
                  }
                ],
                "required": false,
                "string_attribute_constraints": []
              },
              {
                "attribute_data_type": "String",
                "developer_only_attribute": false,
                "mutable": false,
                "name": "email",
                "number_attribute_constraints": [],
                "required": true,
                "string_attribute_constraints": [
                  {
                    "max_length": "15",
                    "min_length": "7"
                  }
                ]
              }
            ],
            "sms_authentication_message": null,
            "sms_configuration": [
              {
                "external_id": "12345",
                "sns_caller_arn": "arn:aws:iam::696401733615:role/service-role/terraform-example-cognito-idp"
              }
            ],
            "sms_verification_message": "{####} Baz",
            "software_token_mfa_configuration": [],
            "tags": {
              "Name": "FooBar",
              "Project": "Terraform"
            },
            "tags_all": {
              "Name": "FooBar",
              "Project": "Terraform"
            },
            "user_pool_add_ons": [],
            "username_attributes": null,
            "username_configuration": [],
            "verification_message_template": [
              {
                "default_email_option": "CONFIRM_WITH_CODE",
                "email_message": "Please use the following code {####}",
                "email_message_by_link": "",
                "email_subject": "Device Verification Code",
                "email_subject_by_link": "",
                "sms_message": "{####} Baz"
              }
            ]
          },
          "sensitive_attributes": [],
          "private": "bnVsbA==",
          "dependencies": [
            "aws_iam_role.cidp",
            "aws_iam_role.main",
            "aws_lambda_function.main"
          ]
        }
      ]
    },
    {
      "mode": "managed",
      "type": "aws_iam_role",
      "name": "cidp",
      "provider": "provider[\"registry.terraform.io/hashicorp/aws\"]",
      "instances": [
        {
          "schema_version": 0,
          "attributes": {
            "arn": "arn:aws:iam::696401733615:role/service-role/terraform-example-cognito-idp",
            "assume_role_policy": "{\"Version\":\"2012-10-17\",\"Statement\":[{\"Sid\":\"\",\"Effect\":\"Allow\",\"Principal\":{\"Service\":\"cognito-idp.amazonaws.com\"},\"Action\":\"sts:AssumeRole\",\"Condition\":{\"StringEquals\":{\"sts:ExternalId\":\"12345\"}}}]}",
            "create_date": "2021-09-16T14:23:34Z",
            "description": "",
            "force_detach_policies": false,
            "id": "terraform-example-cognito-idp",
            "inline_policy": [
              {
                "name": "terraform-example-cognito-idp",
                "policy": "{\n  \"Version\": \"2012-10-17\",\n  \"Statement\": [\n    {\n      \"Effect\": \"Allow\",\n      \"Action\": [\n        \"sns:publish\"\n      ],\n      \"Resource\": [\n        \"*\"\n      ]\n    }\n  ]\n}\n"
              }
            ],
            "managed_policy_arns": [],
            "max_session_duration": 3600,
            "name": "terraform-example-cognito-idp",
            "name_prefix": null,
            "path": "/service-role/",
            "permissions_boundary": null,
            "tags": {},
            "tags_all": {},
            "unique_id": "AROA2EJGHE7X5WYTEYR3Z"
          },
          "sensitive_attributes": [],
          "private": "bnVsbA=="
        }
      ]
    },
    {
      "mode": "managed",
      "type": "aws_iam_role",
      "name": "main",
      "provider": "provider[\"registry.terraform.io/hashicorp/aws\"]",
      "instances": [
        {
          "schema_version": 0,
          "attributes": {
            "arn": "arn:aws:iam::696401733615:role/terraform-example-lambda",
            "assume_role_policy": "{\"Version\":\"2012-10-17\",\"Statement\":[{\"Sid\":\"\",\"Effect\":\"Allow\",\"Principal\":{\"Service\":\"lambda.amazonaws.com\"},\"Action\":\"sts:AssumeRole\"}]}",
            "create_date": "2021-09-16T14:23:34Z",
            "description": "",
            "force_detach_policies": false,
            "id": "terraform-example-lambda",
            "inline_policy": [
              {
                "name": "",
                "policy": ""
              }
            ],
            "managed_policy_arns": [],
            "max_session_duration": 3600,
            "name": "terraform-example-lambda",
            "name_prefix": null,
            "path": "/",
            "permissions_boundary": null,
            "tags": {},
            "tags_all": {},
            "unique_id": "AROA2EJGHE7XTVQIHLQYZ"
          },
          "sensitive_attributes": [],
          "private": "bnVsbA=="
        }
      ]
    },
    {
      "mode": "managed",
      "type": "aws_iam_role_policy",
      "name": "main",
      "provider": "provider[\"registry.terraform.io/hashicorp/aws\"]",
      "instances": [
        {
          "schema_version": 0,
          "attributes": {
            "id": "terraform-example-cognito-idp:terraform-example-cognito-idp",
            "name": "terraform-example-cognito-idp",
            "name_prefix": null,
            "policy": "{\n  \"Version\": \"2012-10-17\",\n  \"Statement\": [\n    {\n      \"Effect\": \"Allow\",\n      \"Action\": [\n        \"sns:publish\"\n      ],\n      \"Resource\": [\n        \"*\"\n      ]\n    }\n  ]\n}\n",
            "role": "terraform-example-cognito-idp"
          },
          "sensitive_attributes": [],
          "private": "bnVsbA==",
          "dependencies": [
            "aws_iam_role.cidp"
          ]
        }
      ]
    },
    {
      "mode": "managed",
      "type": "aws_lambda_function",
      "name": "main",
      "provider": "provider[\"registry.terraform.io/hashicorp/aws\"]",
      "instances": [
        {
          "schema_version": 0,
          "attributes": {
            "arn": "arn:aws:lambda:us-east-2:696401733615:function:terraform-example",
            "code_signing_config_arn": "",
            "dead_letter_config": [],
            "description": "",
            "environment": [],
            "file_system_config": [],
            "filename": "lambda.zip",
            "function_name": "terraform-example",
            "handler": "exports.example",
            "id": "terraform-example",
            "image_config": [],
            "image_uri": "",
            "invoke_arn": "arn:aws:apigateway:us-east-2:lambda:path/2015-03-31/functions/arn:aws:lambda:us-east-2:696401733615:function:terraform-example/invocations",
            "kms_key_arn": "",
            "last_modified": "2021-09-16T14:29:16.350+0000",
            "layers": null,
            "memory_size": 128,
            "package_type": "Zip",
            "publish": false,
            "qualified_arn": "arn:aws:lambda:us-east-2:696401733615:function:terraform-example:$LATEST",
            "reserved_concurrent_executions": -1,
            "role": "arn:aws:iam::696401733615:role/terraform-example-lambda",
            "runtime": "nodejs14.x",
            "s3_bucket": null,
            "s3_key": null,
            "s3_object_version": null,
            "signing_job_arn": "",
            "signing_profile_version_arn": "",
            "source_code_hash": "M6JbGFiAPTVZqVD/iC0EPwxUNh8z7v1f1ovMFYcHeGw=",
            "source_code_size": 2228,
            "tags": null,
            "tags_all": {},
            "timeout": 3,
            "timeouts": null,
            "tracing_config": [
              {
                "mode": "PassThrough"
              }
            ],
            "version": "$LATEST",
            "vpc_config": []
          },
          "sensitive_attributes": [],
          "private": "eyJlMmJmYjczMC1lY2FhLTExZTYtOGY4OC0zNDM2M2JjN2M0YzAiOnsiY3JlYXRlIjo2MDAwMDAwMDAwMDB9fQ==",
          "dependencies": [
            "aws_iam_role.main"
          ]
        }
      ]
    }
  ]
}
